{
  "requires": true,
  "lockfileVersion": 1,
  "dependencies": {
    "assemblyscript": {
      "version": "0.12.3",
      "resolved": "https://registry.npmjs.org/assemblyscript/-/assemblyscript-0.12.3.tgz",
      "integrity": "sha512-cdIbbP1Xoduw5nt3C7o2jYTQCrcPAnqoASgBMmOOcf/UY4k+xYJbV5eHwMwVSKZXAI74PUSwfxYjLF7L7CWA9g==",
      "requires": {
        "binaryen": "93.0.0-nightly.20200609",
        "long": "^4.0.0"
      }
    },
    "binaryen": {
      "version": "93.0.0-nightly.20200609",
      "resolved": "https://registry.npmjs.org/binaryen/-/binaryen-93.0.0-nightly.20200609.tgz",
      "integrity": "sha512-CIaeav05u+fWRN2h1ecwIoSaOF/Mk6U85M/G6eg1nOHAXYYmOuh9TztF9Fu8krRWnl98J3W+VfDClApMV5zCtw=="
    },
    "long": {
      "version": "4.0.0",
      "resolved": "https://registry.npmjs.org/long/-/long-4.0.0.tgz",
      "integrity": "sha512-XsP+KhQif4bjX1kbuSiySJFNAehNxgLb6hPRGJ9QsUr8ajHkuXGdrHmFUTUUXhDwVX2R5bY4JNZEwbUiMhV+MA=="
    }
  }
}
