{
  "name": "faust2as-tools",
  "version": "0.0.0",
  "lockfileVersion": 3,
  "requires": true,
  "packages": {
    "": {
      "name": "faust2as-tools",
      "version": "0.0.0",
      "dependencies": {
        "@psalomo/wasm-music-faust": "^0.1.1"
      }
    },
    "node_modules/@psalomo/wasm-music-faust": {
      "version": "0.1.1",
      "resolved": "https://registry.npmjs.org/@psalomo/wasm-music-faust/-/wasm-music-faust-0.1.1.tgz",
      "integrity": "sha512-aXQbxDBYFO+vUOG9YCV2AxLFAt4VJBm8DRZE+9YKbMrCr0+b85f92fKYy14XRVijfeCdaHa6pQsgB2DJ4FpMMQ==",
      "license": "LGPL-2.1-or-later"
    }
  }
}
