{
  "name": "faust2as-tools",
  "version": "0.0.0",
  "lockfileVersion": 3,
  "requires": true,
  "packages": {
    "": {
      "name": "faust2as-tools",
      "version": "0.0.0",
      "dependencies": {
        "@psalomo/faustwasm": "^0.16.1-asc.3"
      }
    },
    "node_modules/@psalomo/faustwasm": {
      "version": "0.16.1-asc.3",
      "resolved": "https://registry.npmjs.org/@psalomo/faustwasm/-/faustwasm-0.16.1-asc.3.tgz",
      "integrity": "sha512-HI6cMOIlJfueUQRPpDZkoW4XxNC7+k74HRwxb9LR1+L4kiPiESJby3DqChEnfxYLTmIT5qfAuP1R3aanPlXqfg==",
      "license": "LGPL-3.0",
      "dependencies": {
        "@types/emscripten": "^1.39.10"
      },
      "bin": {
        "faust2sndfile-ts": "scripts/faust2sndfile.js",
        "faust2svg-ts": "scripts/faust2svg.js",
        "faust2wasm-ts": "scripts/faust2wasm.js"
      }
    },
    "node_modules/@types/emscripten": {
      "version": "1.41.5",
      "resolved": "https://registry.npmjs.org/@types/emscripten/-/emscripten-1.41.5.tgz",
      "integrity": "sha512-cMQm7pxu6BxtHyqJ7mQZ2kXWV5SLmugybFdHCBbJ5eHzOo6VhBckEgAT3//rP5FwPHNPeEiq4SmQ5ucBwsOo4Q==",
      "license": "MIT"
    }
  }
}
